
Microsoft Visual Studio Solution File, Format Version 12.00
# Visual Studio Version 17
VisualStudioVersion = 17.2.32516.85
MinimumVisualStudioVersion = 10.0.40219.1
Project("{8BC9CEB8-8B4A-11D0-8D11-00A0C91BC942}") = "Histogrammi", "Histogrammi\Histogrammi.vcxproj", "{11C112E8-0F63-4F3E-9EC3-316125A54DE7}"
EndProject
Global
	GlobalSection(SolutionConfigurationPlatforms) = preSolution
		Debug|x64 = Debug|x64
		Debug|x86 = Debug|x86
		Release|x64 = Release|x64
		Release|x86 = Release|x86
	EndGlobalSection
	GlobalSection(ProjectConfigurationPlatforms) = postSolution
		{11C112E8-0F63-4F3E-9EC3-316125A54DE7}.Debug|x64.ActiveCfg = Debug|x64
		{11C112E8-0F63-4F3E-9EC3-316125A54DE7}.Debug|x64.Build.0 = Debug|x64
		{11C112E8-0F63-4F3E-9EC3-316125A54DE7}.Debug|x86.ActiveCfg = Debug|Win32
		{11C112E8-0F63-4F3E-9EC3-316125A54DE7}.Debug|x86.Build.0 = Debug|Win32
		{11C112E8-0F63-4F3E-9EC3-316125A54DE7}.Release|x64.ActiveCfg = Release|x64
		{11C112E8-0F63-4F3E-9EC3-316125A54DE7}.Release|x64.Build.0 = Release|x64
		{11C112E8-0F63-4F3E-9EC3-316125A54DE7}.Release|x86.ActiveCfg = Release|Win32
		{11C112E8-0F63-4F3E-9EC3-316125A54DE7}.Release|x86.Build.0 = Release|Win32
	EndGlobalSection
	GlobalSection(SolutionProperties) = preSolution
		HideSolutionNode = FALSE
	EndGlobalSection
	GlobalSection(ExtensibilityGlobals) = postSolution
		SolutionGuid = {7B22C597-2950-4129-9A00-DD229683EEEF}
	EndGlobalSection
EndGlobal
